{
  "name": "openbots",
  "version": "1.0.0",
  "lockfileVersion": 1,
  "requires": true,
  "dependencies": {
    "any-promise": {
      "version": "1.3.0",
      "resolved": "https://registry.npmjs.org/any-promise/-/any-promise-1.3.0.tgz",
      "integrity": "sha1-q8av7tzqUugJzcA3au0845Y10X8="
    },
    "async": {
      "version": "2.6.3",
      "resolved": "https://registry.npmjs.org/async/-/async-2.6.3.tgz",
      "integrity": "sha512-zflvls11DCy+dQWzTW2dzuilv8Z5X/pjfmZOWba6TNIVDm+2UDaJmXSOXlasHKfNBs8oo3M0aT50fDEWfKZjXg==",
      "requires": {
        "lodash": "^4.17.14"
      }
    },
    "base64-js": {
      "version": "0.0.2",
      "resolved": "https://registry.npmjs.org/base64-js/-/base64-js-0.0.2.tgz",
      "integrity": "sha1-Ak8Pcq+iW3X5wO5zzU9V7Bvtl4Q="
    },
    "bluebird": {
      "version": "3.7.1",
      "resolved": "https://registry.npmjs.org/bluebird/-/bluebird-3.7.1.tgz",
      "integrity": "sha512-DdmyoGCleJnkbp3nkbxTLJ18rjDsE4yCggEwKNXkeV123sPNfOCYeDoeuOY+F2FrSjO1YXcTU+dsy96KMy+gcg=="
    },
    "bops": {
      "version": "0.0.6",
      "resolved": "https://registry.npmjs.org/bops/-/bops-0.0.6.tgz",
      "integrity": "sha1-CC0dVfoB5g29wuvC26N/ZZVUzzo=",
      "requires": {
        "base64-js": "0.0.2",
        "to-utf8": "0.0.1"
      }
    },
    "buffer-from": {
      "version": "1.1.1",
      "resolved": "https://registry.npmjs.org/buffer-from/-/buffer-from-1.1.1.tgz",
      "integrity": "sha512-MQcXEUbCKtEo7bhqEs6560Hyd4XaovZlO/k9V3hjVUF/zwW7KBVdSK4gIt/bzwS9MbR5qob+F5jusZsb0YQK2A=="
    },
    "buffer-shims": {
      "version": "1.0.0",
      "resolved": "https://registry.npmjs.org/buffer-shims/-/buffer-shims-1.0.0.tgz",
      "integrity": "sha1-mXjOMXOIxkmth5MCjDR37wRKi1E="
    },
    "concat-stream": {
      "version": "1.6.2",
      "resolved": "https://registry.npmjs.org/concat-stream/-/concat-stream-1.6.2.tgz",
      "integrity": "sha512-27HBghJxjiZtIk3Ycvn/4kbJk/1uZuJFfuPEns6LaEvpvG1f0hTea8lilrouyo9mVc2GWdcEZ8OLoGmSADlrCw==",
      "requires": {
        "buffer-from": "^1.0.0",
        "inherits": "^2.0.3",
        "readable-stream": "^2.2.2",
        "typedarray": "^0.0.6"
      }
    },
    "core-util-is": {
      "version": "1.0.2",
      "resolved": "https://registry.npmjs.org/core-util-is/-/core-util-is-1.0.2.tgz",
      "integrity": "sha1-tf1UIgqivFq1eqtxQMlAdUUDwac="
    },
    "debug": {
      "version": "2.6.9",
      "resolved": "https://registry.npmjs.org/debug/-/debug-2.6.9.tgz",
      "integrity": "sha512-bC7ElrdJaJnPbAP+1EotYvqZsb3ecl5wi6Bfi6BJTUcNowp6cvspg0jXznRTKDjm/E7AdgFBVeAPVMNcKGsHMA==",
      "requires": {
        "ms": "2.0.0"
      }
    },
    "duplex-child-process": {
      "version": "0.0.5",
      "resolved": "https://registry.npmjs.org/duplex-child-process/-/duplex-child-process-0.0.5.tgz",
      "integrity": "sha1-HCRiuOyP0B5DKDbrvVkrzf+7Zek="
    },
    "duplexify": {
      "version": "3.7.1",
      "resolved": "https://registry.npmjs.org/duplexify/-/duplexify-3.7.1.tgz",
      "integrity": "sha512-07z8uv2wMyS51kKhD1KsdXJg5WQ6t93RneqRxUHnskXVtlYYkLqM0gqStQZ3pj073g687jPCHrqNfCzawLYh5g==",
      "requires": {
        "end-of-stream": "^1.0.0",
        "inherits": "^2.0.1",
        "readable-stream": "^2.0.0",
        "stream-shift": "^1.0.0"
      }
    },
    "end-of-stream": {
      "version": "1.4.4",
      "resolved": "https://registry.npmjs.org/end-of-stream/-/end-of-stream-1.4.4.tgz",
      "integrity": "sha512-+uw1inIHVPQoaVuHzRyXd21icM+cnt4CzD5rW+NC1wjOUSTOs+Te7FOv7AhN7vS9x/oIyhLP5PR1H+phQAHu5Q==",
      "requires": {
        "once": "^1.4.0"
      }
    },
    "flush-write-stream": {
      "version": "1.1.1",
      "resolved": "https://registry.npmjs.org/flush-write-stream/-/flush-write-stream-1.1.1.tgz",
      "integrity": "sha512-3Z4XhFZ3992uIq0XOqb9AreonueSYphE6oYbpt5+3u06JWklbsPkNv3ZKkP9Bz/r+1MWCaMoSQ28P85+1Yc77w==",
      "requires": {
        "inherits": "^2.0.3",
        "readable-stream": "^2.3.6"
      }
    },
    "fork-stream": {
      "version": "0.0.4",
      "resolved": "https://registry.npmjs.org/fork-stream/-/fork-stream-0.0.4.tgz",
      "integrity": "sha1-24Sfznf2cIpfjzhq5TOgkHtUrnA="
    },
    "from2": {
      "version": "2.3.0",
      "resolved": "https://registry.npmjs.org/from2/-/from2-2.3.0.tgz",
      "integrity": "sha1-i/tVAr3kpNNs/e6gB/zKIdfjgq8=",
      "requires": {
        "inherits": "^2.0.1",
        "readable-stream": "^2.0.0"
      }
    },
    "inherits": {
      "version": "2.0.4",
      "resolved": "https://registry.npmjs.org/inherits/-/inherits-2.0.4.tgz",
      "integrity": "sha512-k/vGaX4/Yla3WzyMCvTQOXYeIHvqOKtnqBduzTHpzpQZzAskKMhZ2K+EnBiSM9zGSoIFeMpXKxa4dYeZIQqewQ=="
    },
    "isarray": {
      "version": "1.0.0",
      "resolved": "https://registry.npmjs.org/isarray/-/isarray-1.0.0.tgz",
      "integrity": "sha1-u5NdSFgsuhaMBoNJV6VKPgcSTxE="
    },
    "json-stringify-safe": {
      "version": "5.0.1",
      "resolved": "https://registry.npmjs.org/json-stringify-safe/-/json-stringify-safe-5.0.1.tgz",
      "integrity": "sha1-Epai1Y/UXxmg9s4B1lcB4sc1tus="
    },
    "lodash": {
      "version": "4.17.15",
      "resolved": "https://registry.npmjs.org/lodash/-/lodash-4.17.15.tgz",
      "integrity": "sha512-8xOcRHvCjnocdS5cpwXQXVzmmh5e5+saE2QGoeQmbKmRS6J3VQppPOIt0MnmE+4xlZoumy0GPG0D0MVIQbNA1A=="
    },
    "merge-stream": {
      "version": "1.0.1",
      "resolved": "https://registry.npmjs.org/merge-stream/-/merge-stream-1.0.1.tgz",
      "integrity": "sha1-QEEgLVCKNCugAXQAjfDCUbjBNeE=",
      "requires": {
        "readable-stream": "^2.0.1"
      }
    },
    "mississippi2": {
      "version": "1.0.5",
      "resolved": "https://registry.npmjs.org/mississippi2/-/mississippi2-1.0.5.tgz",
      "integrity": "sha512-O4ZBc8b7cMj5j9OLLt+J/qYCtK7Kl5hHvLC6AyKkW0Ct5TwZ6myjhpU89iPN7zXXEJWlpXaLlEO2UfspyP4Vdg==",
      "requires": {
        "concat-stream": "^1.5.0",
        "duplex-child-process": "0.0.5",
        "duplexify": "^3.4.2",
        "end-of-stream": "^1.1.0",
        "flush-write-stream": "^1.0.0",
        "from2": "^2.1.0",
        "multi-duplex-stream": "^0.1.1",
        "pump": "^2.0.0",
        "pumpify": "^1.3.3",
        "rx-node": "^1.0.2",
        "split2": "^2.0.1",
        "stream-array": "^1.1.1",
        "stream-balance": "0.0.6",
        "stream-each": "^1.1.0",
        "stream-from-array": "^1.0.0",
        "stream-from-promise": "^1.0.0",
        "stream-from-value": "^0.1.0",
        "stream-parser": "^0.3.1",
        "stream-to-array": "^2.3.0",
        "stream-to-json": "0.0.1",
        "stream-to-promise2": "^1.2.0",
        "stream-to-string": "^1.0.1",
        "streaming-json-stringify": "^3.1.0",
        "ternary-stream": "^2.0.0",
        "throttle": "^1.0.3",
        "through2": "^2.0.0",
        "through2-filter": "^2.0.0",
        "through2-map": "^3.0.0",
        "through2-reduce": "^1.1.1",
        "through2-spy": "^2.0.0",
        "unique-hash-stream": "^1.0.0"
      }
    },
    "ms": {
      "version": "2.0.0",
      "resolved": "https://registry.npmjs.org/ms/-/ms-2.0.0.tgz",
      "integrity": "sha1-VgiurfwAvmwpAd9fmGF4jeDVl8g="
    },
    "multi-duplex-stream": {
      "version": "0.1.1",
      "resolved": "https://registry.npmjs.org/multi-duplex-stream/-/multi-duplex-stream-0.1.1.tgz",
      "integrity": "sha1-RRIhgSkHBxvb/aP9M6ekeYol9c8=",
      "requires": {
        "duplexify": "^3.4.3",
        "inherits": "^2.0.1",
        "multi-read-stream": "^2.0.0",
        "multi-write-stream": "^2.0.1"
      }
    },
    "multi-read-stream": {
      "version": "2.0.0",
      "resolved": "https://registry.npmjs.org/multi-read-stream/-/multi-read-stream-2.0.0.tgz",
      "integrity": "sha1-2e6GFHQwiUEaTZrH0h04qmjDbkA=",
      "requires": {
        "readable-stream": "^2.0.1"
      }
    },
    "multi-write-stream": {
      "version": "2.0.1",
      "resolved": "https://registry.npmjs.org/multi-write-stream/-/multi-write-stream-2.0.1.tgz",
      "integrity": "sha1-Nv/glN8q4ZLDkhUYvj5keHxxBVQ=",
      "requires": {
        "readable-stream": "^2.0.1"
      }
    },
    "once": {
      "version": "1.4.0",
      "resolved": "https://registry.npmjs.org/once/-/once-1.4.0.tgz",
      "integrity": "sha1-WDsap3WWHUsROsF9nFC6753Xa9E=",
      "requires": {
        "wrappy": "1"
      }
    },
    "process-nextick-args": {
      "version": "2.0.1",
      "resolved": "https://registry.npmjs.org/process-nextick-args/-/process-nextick-args-2.0.1.tgz",
      "integrity": "sha512-3ouUOpQhtgrbOa17J7+uxOTpITYWaGP7/AhoR3+A+/1e9skrzelGi/dXzEYyvbxubEF6Wn2ypscTKiKJFFn1ag=="
    },
    "promise-polyfill": {
      "version": "1.1.6",
      "resolved": "https://registry.npmjs.org/promise-polyfill/-/promise-polyfill-1.1.6.tgz",
      "integrity": "sha1-zQTv9G9clcOn0EVZHXm14+AfEtc="
    },
    "pump": {
      "version": "2.0.1",
      "resolved": "https://registry.npmjs.org/pump/-/pump-2.0.1.tgz",
      "integrity": "sha512-ruPMNRkN3MHP1cWJc9OWr+T/xDP0jhXYCLfJcBuX54hhfIBnaQmAUMfDcG4DM5UMWByBbJY69QSphm3jtDKIkA==",
      "requires": {
        "end-of-stream": "^1.1.0",
        "once": "^1.3.1"
      }
    },
    "pumpify": {
      "version": "1.5.1",
      "resolved": "https://registry.npmjs.org/pumpify/-/pumpify-1.5.1.tgz",
      "integrity": "sha512-oClZI37HvuUJJxSKKrC17bZ9Cu0ZYhEAGPsPUy9KlMUmv9dKX2o77RUmq7f3XjIxbwyGwYzbzQ1L2Ks8sIradQ==",
      "requires": {
        "duplexify": "^3.6.0",
        "inherits": "^2.0.3",
        "pump": "^2.0.0"
      }
    },
    "ramda": {
      "version": "0.21.0",
      "resolved": "https://registry.npmjs.org/ramda/-/ramda-0.21.0.tgz",
      "integrity": "sha1-oAGr7bP/YQd9T/HVd9RN536NCjU="
    },
    "readable-stream": {
      "version": "2.3.6",
      "resolved": "https://registry.npmjs.org/readable-stream/-/readable-stream-2.3.6.tgz",
      "integrity": "sha512-tQtKA9WIAhBF3+VLAseyMqZeBjW0AHJoxOtYqSUZNJxauErmLbVm2FW1y+J/YA9dUrAC39ITejlZWhVIwawkKw==",
      "requires": {
        "core-util-is": "~1.0.0",
        "inherits": "~2.0.3",
        "isarray": "~1.0.0",
        "process-nextick-args": "~2.0.0",
        "safe-buffer": "~5.1.1",
        "string_decoder": "~1.1.1",
        "util-deprecate": "~1.0.1"
      }
    },
    "rx": {
      "version": "4.1.0",
      "resolved": "https://registry.npmjs.org/rx/-/rx-4.1.0.tgz",
      "integrity": "sha1-pfE/957zt0D+MKqAP7CfmIBdR4I="
    },
    "rx-node": {
      "version": "1.0.2",
      "resolved": "https://registry.npmjs.org/rx-node/-/rx-node-1.0.2.tgz",
      "integrity": "sha1-FRJAclp56Fc2CrBsxiZ5mWXglN4=",
      "requires": {
        "rx": "*"
      }
    },
    "safe-buffer": {
      "version": "5.1.2",
      "resolved": "https://registry.npmjs.org/safe-buffer/-/safe-buffer-5.1.2.tgz",
      "integrity": "sha512-Gd2UZBJDkXlY7GbJxfsE8/nvKkUEU1G38c1siN6QP6a9PT9MmHB8GnpscSmMJSoF8LOIrt8ud/wPtojys4G6+g=="
    },
    "split2": {
      "version": "2.2.0",
      "resolved": "https://registry.npmjs.org/split2/-/split2-2.2.0.tgz",
      "integrity": "sha512-RAb22TG39LhI31MbreBgIuKiIKhVsawfTgEGqKHTK87aG+ul/PB8Sqoi3I7kVdRWiCfrKxK3uo4/YUkpNvhPbw==",
      "requires": {
        "through2": "^2.0.2"
      }
    },
    "stream-array": {
      "version": "1.1.2",
      "resolved": "https://registry.npmjs.org/stream-array/-/stream-array-1.1.2.tgz",
      "integrity": "sha1-nl9zRfITfDDuO0mLkRToC1K7frU=",
      "requires": {
        "readable-stream": "~2.1.0"
      },
      "dependencies": {
        "process-nextick-args": {
          "version": "1.0.7",
          "resolved": "https://registry.npmjs.org/process-nextick-args/-/process-nextick-args-1.0.7.tgz",
          "integrity": "sha1-FQ4gt1ZZCtP5EJPyWk8q2L/zC6M="
        },
        "readable-stream": {
          "version": "2.1.5",
          "resolved": "https://registry.npmjs.org/readable-stream/-/readable-stream-2.1.5.tgz",
          "integrity": "sha1-ZvqLcg4UOLNkaB8q0aY8YYRIydA=",
          "requires": {
            "buffer-shims": "^1.0.0",
            "core-util-is": "~1.0.0",
            "inherits": "~2.0.1",
            "isarray": "~1.0.0",
            "process-nextick-args": "~1.0.6",
            "string_decoder": "~0.10.x",
            "util-deprecate": "~1.0.1"
          }
        },
        "string_decoder": {
          "version": "0.10.31",
          "resolved": "https://registry.npmjs.org/string_decoder/-/string_decoder-0.10.31.tgz",
          "integrity": "sha1-YuIDvEF2bGwoyfyEMB2rHFMQ+pQ="
        }
      }
    },
    "stream-balance": {
      "version": "0.0.6",
      "resolved": "https://registry.npmjs.org/stream-balance/-/stream-balance-0.0.6.tgz",
      "integrity": "sha1-1RCWm0QxHt1acCZHwgorTElFGEg=",
      "requires": {
        "async": "^2.0.0-rc.3",
        "bluebird": "^3.3.4",
        "inherits": "^2.0.1",
        "pumpify": "^1.3.4",
        "ramda": "^0.21.0",
        "readable-stream": "^2.0.6",
        "through2": "^2.0.1"
      }
    },
    "stream-each": {
      "version": "1.2.3",
      "resolved": "https://registry.npmjs.org/stream-each/-/stream-each-1.2.3.tgz",
      "integrity": "sha512-vlMC2f8I2u/bZGqkdfLQW/13Zihpej/7PmSiMQsbYddxuTsJp8vRe2x2FvVExZg7FaOds43ROAuFJwPR4MTZLw==",
      "requires": {
        "end-of-stream": "^1.1.0",
        "stream-shift": "^1.0.0"
      }
    },
    "stream-from-array": {
      "version": "1.0.0",
      "resolved": "https://registry.npmjs.org/stream-from-array/-/stream-from-array-1.0.0.tgz",
      "integrity": "sha1-C+wGss+xBbWDqZrB1JTd7v2WXkQ="
    },
    "stream-from-promise": {
      "version": "1.0.0",
      "resolved": "https://registry.npmjs.org/stream-from-promise/-/stream-from-promise-1.0.0.tgz",
      "integrity": "sha1-djaH9913fkyJT2QIMz/Gs/yKYbs="
    },
    "stream-from-value": {
      "version": "0.1.0",
      "resolved": "https://registry.npmjs.org/stream-from-value/-/stream-from-value-0.1.0.tgz",
      "integrity": "sha1-jBY8Fj/dMwfe4RPOVXp6A/iRR9M="
    },
    "stream-parser": {
      "version": "0.3.1",
      "resolved": "https://registry.npmjs.org/stream-parser/-/stream-parser-0.3.1.tgz",
      "integrity": "sha1-FhhUhpRCACGhGC/wrxkRwSl2F3M=",
      "requires": {
        "debug": "2"
      }
    },
    "stream-shift": {
      "version": "1.0.0",
      "resolved": "https://registry.npmjs.org/stream-shift/-/stream-shift-1.0.0.tgz",
      "integrity": "sha1-1cdSgl5TZ+eG944Y5EXqIjoVWVI="
    },
    "stream-to-array": {
      "version": "2.3.0",
      "resolved": "https://registry.npmjs.org/stream-to-array/-/stream-to-array-2.3.0.tgz",
      "integrity": "sha1-u/azn19D7DC8cbq8s3VXrOzzQ1M=",
      "requires": {
        "any-promise": "^1.1.0"
      }
    },
    "stream-to-json": {
      "version": "0.0.1",
      "resolved": "https://registry.npmjs.org/stream-to-json/-/stream-to-json-0.0.1.tgz",
      "integrity": "sha1-8DDyt47TjkkpPbiFZTarzCZ3FHM=",
      "requires": {
        "concat-stream": "~1.2.0",
        "once": "~1.3.0"
      },
      "dependencies": {
        "concat-stream": {
          "version": "1.2.1",
          "resolved": "https://registry.npmjs.org/concat-stream/-/concat-stream-1.2.1.tgz",
          "integrity": "sha1-81EAtsRjeL+6i2uA+fDQzN8T3GA=",
          "requires": {
            "bops": "0.0.6"
          }
        },
        "once": {
          "version": "1.3.3",
          "resolved": "https://registry.npmjs.org/once/-/once-1.3.3.tgz",
          "integrity": "sha1-suJhVXzkwxTsgwTz+oJmPkKXyiA=",
          "requires": {
            "wrappy": "1"
          }
        }
      }
    },
    "stream-to-promise2": {
      "version": "1.2.0",
      "resolved": "https://registry.npmjs.org/stream-to-promise2/-/stream-to-promise2-1.2.0.tgz",
      "integrity": "sha1-ZuWxR93Y2ra0TNekw+qukv85GaY=",
      "requires": {
        "bluebird": "~3.0.6",
        "stream-to-array": "~2.3.0"
      },
      "dependencies": {
        "bluebird": {
          "version": "3.0.6",
          "resolved": "https://registry.npmjs.org/bluebird/-/bluebird-3.0.6.tgz",
          "integrity": "sha1-8kiPMleC9m0XSEL0gZkuL6ulbzg="
        }
      }
    },
    "stream-to-string": {
      "version": "1.2.0",
      "resolved": "https://registry.npmjs.org/stream-to-string/-/stream-to-string-1.2.0.tgz",
      "integrity": "sha512-8drZlFIKBHSMdX9GCWv8V9AAWnQcTqw0iAI6/GC7UJ0H0SwKeFKjOoZfGY1tOU00GGU7FYZQoJ/ZCUEoXhD7yQ==",
      "requires": {
        "promise-polyfill": "^1.1.6"
      }
    },
    "streaming-json-stringify": {
      "version": "3.1.0",
      "resolved": "https://registry.npmjs.org/streaming-json-stringify/-/streaming-json-stringify-3.1.0.tgz",
      "integrity": "sha1-gCAEN6mTzDnE/gAmO3s7kDrIevU=",
      "requires": {
        "json-stringify-safe": "5",
        "readable-stream": "2"
      }
    },
    "string_decoder": {
      "version": "1.1.1",
      "resolved": "https://registry.npmjs.org/string_decoder/-/string_decoder-1.1.1.tgz",
      "integrity": "sha512-n/ShnvDi6FHbbVfviro+WojiFzv+s8MPMHBczVePfUpDJLwoLT0ht1l4YwBCbi8pJAveEEdnkHyPyTP/mzRfwg==",
      "requires": {
        "safe-buffer": "~5.1.0"
      }
    },
    "ternary-stream": {
      "version": "2.1.1",
      "resolved": "https://registry.npmjs.org/ternary-stream/-/ternary-stream-2.1.1.tgz",
      "integrity": "sha512-j6ei9hxSoyGlqTmoMjOm+QNvUKDOIY6bNl4Uh1lhBvl6yjPW2iLqxDUYyfDPZknQ4KdRziFl+ec99iT4l7g0cw==",
      "requires": {
        "duplexify": "^3.5.0",
        "fork-stream": "^0.0.4",
        "merge-stream": "^1.0.0",
        "through2": "^2.0.1"
      }
    },
    "throttle": {
      "version": "1.0.3",
      "resolved": "https://registry.npmjs.org/throttle/-/throttle-1.0.3.tgz",
      "integrity": "sha1-ijLkoV8XY9mXlIMXxevjrYpB5Lc=",
      "requires": {
        "readable-stream": ">= 0.3.0",
        "stream-parser": ">= 0.0.2"
      }
    },
    "through2": {
      "version": "2.0.5",
      "resolved": "https://registry.npmjs.org/through2/-/through2-2.0.5.tgz",
      "integrity": "sha512-/mrRod8xqpA+IHSLyGCQ2s8SPHiCDEeQJSep1jqLYeEUClOFG2Qsh+4FU6G9VeqpZnGW/Su8LQGc4YKni5rYSQ==",
      "requires": {
        "readable-stream": "~2.3.6",
        "xtend": "~4.0.1"
      }
    },
    "through2-filter": {
      "version": "2.0.0",
      "resolved": "https://registry.npmjs.org/through2-filter/-/through2-filter-2.0.0.tgz",
      "integrity": "sha1-YLxVoNrLdghdsfna6Zq0P4PWIuw=",
      "requires": {
        "through2": "~2.0.0",
        "xtend": "~4.0.0"
      }
    },
    "through2-map": {
      "version": "3.0.0",
      "resolved": "https://registry.npmjs.org/through2-map/-/through2-map-3.0.0.tgz",
      "integrity": "sha1-psMCbOY7SJipl9VAUGtm/9lw8nE=",
      "requires": {
        "through2": "~2.0.0",
        "xtend": "^4.0.0"
      }
    },
    "through2-reduce": {
      "version": "1.1.1",
      "resolved": "https://registry.npmjs.org/through2-reduce/-/through2-reduce-1.1.1.tgz",
      "integrity": "sha1-QCv5qWQO//9RNpkbx9xyoqdnJRw=",
      "requires": {
        "through2": "~2.0.0",
        "xtend": "~4.0.1"
      }
    },
    "through2-spy": {
      "version": "2.0.0",
      "resolved": "https://registry.npmjs.org/through2-spy/-/through2-spy-2.0.0.tgz",
      "integrity": "sha1-m4hMPf+avYoJEjfwLE8ZGZ8/8Kg=",
      "requires": {
        "through2": "~2.0.0",
        "xtend": "~4.0.0"
      }
    },
    "to-utf8": {
      "version": "0.0.1",
      "resolved": "https://registry.npmjs.org/to-utf8/-/to-utf8-0.0.1.tgz",
      "integrity": "sha1-0Xrqcv8vujm55DYBvns/9y4ImFI="
    },
    "typedarray": {
      "version": "0.0.6",
      "resolved": "https://registry.npmjs.org/typedarray/-/typedarray-0.0.6.tgz",
      "integrity": "sha1-hnrHTjhkGHsdPUfZlqeOxciDB3c="
    },
    "unique-hash-stream": {
      "version": "1.0.0",
      "resolved": "https://registry.npmjs.org/unique-hash-stream/-/unique-hash-stream-1.0.0.tgz",
      "integrity": "sha1-6+2UckwWJa3tMBZQ2gqoJy6VesE=",
      "requires": {
        "json-stringify-safe": "5",
        "readable-stream": "1"
      },
      "dependencies": {
        "isarray": {
          "version": "0.0.1",
          "resolved": "https://registry.npmjs.org/isarray/-/isarray-0.0.1.tgz",
          "integrity": "sha1-ihis/Kmo9Bd+Cav8YDiTmwXR7t8="
        },
        "readable-stream": {
          "version": "1.1.14",
          "resolved": "https://registry.npmjs.org/readable-stream/-/readable-stream-1.1.14.tgz",
          "integrity": "sha1-fPTFTvZI44EwhMY23SB54WbAgdk=",
          "requires": {
            "core-util-is": "~1.0.0",
            "inherits": "~2.0.1",
            "isarray": "0.0.1",
            "string_decoder": "~0.10.x"
          }
        },
        "string_decoder": {
          "version": "0.10.31",
          "resolved": "https://registry.npmjs.org/string_decoder/-/string_decoder-0.10.31.tgz",
          "integrity": "sha1-YuIDvEF2bGwoyfyEMB2rHFMQ+pQ="
        }
      }
    },
    "util-deprecate": {
      "version": "1.0.2",
      "resolved": "https://registry.npmjs.org/util-deprecate/-/util-deprecate-1.0.2.tgz",
      "integrity": "sha1-RQ1Nyfpw3nMnYvvS1KKJgUGaDM8="
    },
    "wrappy": {
      "version": "1.0.2",
      "resolved": "https://registry.npmjs.org/wrappy/-/wrappy-1.0.2.tgz",
      "integrity": "sha1-tSQ9jz7BqjXxNkYFvA0QNuMKtp8="
    },
    "xtend": {
      "version": "4.0.2",
      "resolved": "https://registry.npmjs.org/xtend/-/xtend-4.0.2.tgz",
      "integrity": "sha512-LKYU1iAXJXUgAXn9URjiu+MWhyUXHsvfp7mcuYm9dSUKK0/CjtrUwFAxD82/mCWbtLsGjFIad0wIsod4zrTAEQ=="
    }
  }
}
